
Microsoft Visual Studio Solution File, Format Version 12.00
# Visual Studio 15
VisualStudioVersion = 15.0.26403.3
MinimumVisualStudioVersion = 10.0.40219.1
Project("{FAE04EC0-301F-11D3-BF4B-00C04F79EFBC}") = "App.Android", "App\App.Android\App.Android.csproj", "{4C2EA25D-2BED-4921-93B1-17EFF679E183}"
EndProject
Project("{FAE04EC0-301F-11D3-BF4B-00C04F79EFBC}") = "Model", "Model\Model.csproj", "{67F9D3A8-F71E-4428-913F-C37AE82CDB24}"
EndProject
Project("{2150E333-8FDC-42A3-9474-1A3956D46DE8}") = "Backend", "Backend", "{0EEB42F9-B75E-49A2-A3BE-70CCF30D816B}"
EndProject
Project("{FAE04EC0-301F-11D3-BF4B-00C04F79EFBC}") = "Api", "Backend\Api\Api.csproj", "{DB33F389-9968-456B-BDF8-D77B3470CFF0}"
EndProject
Project("{FAE04EC0-301F-11D3-BF4B-00C04F79EFBC}") = "Services", "Services\Services.csproj", "{F2BD2438-350F-4DC5-8887-FB9F313E9490}"
EndProject
Global
	GlobalSection(SolutionConfigurationPlatforms) = preSolution
		Debug|Any CPU = Debug|Any CPU
		Debug|ARM = Debug|ARM
		Debug|iPhone = Debug|iPhone
		Debug|iPhoneSimulator = Debug|iPhoneSimulator
		Debug|x64 = Debug|x64
		Debug|x86 = Debug|x86
		Release|Any CPU = Release|Any CPU
		Release|ARM = Release|ARM
		Release|iPhone = Release|iPhone
		Release|iPhoneSimulator = Release|iPhoneSimulator
		Release|x64 = Release|x64
		Release|x86 = Release|x86
	EndGlobalSection
	GlobalSection(ProjectConfigurationPlatforms) = postSolution
		{4C2EA25D-2BED-4921-93B1-17EFF679E183}.Debug|Any CPU.ActiveCfg = Debug|Any CPU
		{4C2EA25D-2BED-4921-93B1-17EFF679E183}.Debug|Any CPU.Build.0 = Debug|Any CPU
		{4C2EA25D-2BED-4921-93B1-17EFF679E183}.Debug|Any CPU.Deploy.0 = Debug|Any CPU
		{4C2EA25D-2BED-4921-93B1-17EFF679E183}.Debug|ARM.ActiveCfg = Debug|Any CPU
		{4C2EA25D-2BED-4921-93B1-17EFF679E183}.Debug|ARM.Build.0 = Debug|Any CPU
		{4C2EA25D-2BED-4921-93B1-17EFF679E183}.Debug|ARM.Deploy.0 = Debug|Any CPU
		{4C2EA25D-2BED-4921-93B1-17EFF679E183}.Debug|iPhone.ActiveCfg = Debug|Any CPU
		{4C2EA25D-2BED-4921-93B1-17EFF679E183}.Debug|iPhone.Build.0 = Debug|Any CPU
		{4C2EA25D-2BED-4921-93B1-17EFF679E183}.Debug|iPhone.Deploy.0 = Debug|Any CPU
		{4C2EA25D-2BED-4921-93B1-17EFF679E183}.Debug|iPhoneSimulator.ActiveCfg = Debug|Any CPU
		{4C2EA25D-2BED-4921-93B1-17EFF679E183}.Debug|iPhoneSimulator.Build.0 = Debug|Any CPU
		{4C2EA25D-2BED-4921-93B1-17EFF679E183}.Debug|iPhoneSimulator.Deploy.0 = Debug|Any CPU
		{4C2EA25D-2BED-4921-93B1-17EFF679E183}.Debug|x64.ActiveCfg = Debug|Any CPU
		{4C2EA25D-2BED-4921-93B1-17EFF679E183}.Debug|x64.Build.0 = Debug|Any CPU
		{4C2EA25D-2BED-4921-93B1-17EFF679E183}.Debug|x64.Deploy.0 = Debug|Any CPU
		{4C2EA25D-2BED-4921-93B1-17EFF679E183}.Debug|x86.ActiveCfg = Debug|Any CPU
		{4C2EA25D-2BED-4921-93B1-17EFF679E183}.Debug|x86.Build.0 = Debug|Any CPU
		{4C2EA25D-2BED-4921-93B1-17EFF679E183}.Debug|x86.Deploy.0 = Debug|Any CPU
		{4C2EA25D-2BED-4921-93B1-17EFF679E183}.Release|Any CPU.ActiveCfg = Release|Any CPU
		{4C2EA25D-2BED-4921-93B1-17EFF679E183}.Release|Any CPU.Build.0 = Release|Any CPU
		{4C2EA25D-2BED-4921-93B1-17EFF679E183}.Release|Any CPU.Deploy.0 = Release|Any CPU
		{4C2EA25D-2BED-4921-93B1-17EFF679E183}.Release|ARM.ActiveCfg = Release|Any CPU
		{4C2EA25D-2BED-4921-93B1-17EFF679E183}.Release|ARM.Build.0 = Release|Any CPU
		{4C2EA25D-2BED-4921-93B1-17EFF679E183}.Release|ARM.Deploy.0 = Release|Any CPU
		{4C2EA25D-2BED-4921-93B1-17EFF679E183}.Release|iPhone.ActiveCfg = Release|Any CPU
		{4C2EA25D-2BED-4921-93B1-17EFF679E183}.Release|iPhone.Build.0 = Release|Any CPU
		{4C2EA25D-2BED-4921-93B1-17EFF679E183}.Release|iPhone.Deploy.0 = Release|Any CPU
		{4C2EA25D-2BED-4921-93B1-17EFF679E183}.Release|iPhoneSimulator.ActiveCfg = Release|Any CPU
		{4C2EA25D-2BED-4921-93B1-17EFF679E183}.Release|iPhoneSimulator.Build.0 = Release|Any CPU
		{4C2EA25D-2BED-4921-93B1-17EFF679E183}.Release|iPhoneSimulator.Deploy.0 = Release|Any CPU
		{4C2EA25D-2BED-4921-93B1-17EFF679E183}.Release|x64.ActiveCfg = Release|Any CPU
		{4C2EA25D-2BED-4921-93B1-17EFF679E183}.Release|x64.Build.0 = Release|Any CPU
		{4C2EA25D-2BED-4921-93B1-17EFF679E183}.Release|x64.Deploy.0 = Release|Any CPU
		{4C2EA25D-2BED-4921-93B1-17EFF679E183}.Release|x86.ActiveCfg = Release|Any CPU
		{4C2EA25D-2BED-4921-93B1-17EFF679E183}.Release|x86.Build.0 = Release|Any CPU
		{4C2EA25D-2BED-4921-93B1-17EFF679E183}.Release|x86.Deploy.0 = Release|Any CPU
		{67F9D3A8-F71E-4428-913F-C37AE82CDB24}.Debug|Any CPU.ActiveCfg = Debug|Any CPU
		{67F9D3A8-F71E-4428-913F-C37AE82CDB24}.Debug|Any CPU.Build.0 = Debug|Any CPU
		{67F9D3A8-F71E-4428-913F-C37AE82CDB24}.Debug|ARM.ActiveCfg = Debug|Any CPU
		{67F9D3A8-F71E-4428-913F-C37AE82CDB24}.Debug|ARM.Build.0 = Debug|Any CPU
		{67F9D3A8-F71E-4428-913F-C37AE82CDB24}.Debug|iPhone.ActiveCfg = Debug|Any CPU
		{67F9D3A8-F71E-4428-913F-C37AE82CDB24}.Debug|iPhone.Build.0 = Debug|Any CPU
		{67F9D3A8-F71E-4428-913F-C37AE82CDB24}.Debug|iPhoneSimulator.ActiveCfg = Debug|Any CPU
		{67F9D3A8-F71E-4428-913F-C37AE82CDB24}.Debug|iPhoneSimulator.Build.0 = Debug|Any CPU
		{67F9D3A8-F71E-4428-913F-C37AE82CDB24}.Debug|x64.ActiveCfg = Debug|Any CPU
		{67F9D3A8-F71E-4428-913F-C37AE82CDB24}.Debug|x64.Build.0 = Debug|Any CPU
		{67F9D3A8-F71E-4428-913F-C37AE82CDB24}.Debug|x86.ActiveCfg = Debug|Any CPU
		{67F9D3A8-F71E-4428-913F-C37AE82CDB24}.Debug|x86.Build.0 = Debug|Any CPU
		{67F9D3A8-F71E-4428-913F-C37AE82CDB24}.Release|Any CPU.ActiveCfg = Release|Any CPU
		{67F9D3A8-F71E-4428-913F-C37AE82CDB24}.Release|Any CPU.Build.0 = Release|Any CPU
		{67F9D3A8-F71E-4428-913F-C37AE82CDB24}.Release|ARM.ActiveCfg = Release|Any CPU
		{67F9D3A8-F71E-4428-913F-C37AE82CDB24}.Release|ARM.Build.0 = Release|Any CPU
		{67F9D3A8-F71E-4428-913F-C37AE82CDB24}.Release|iPhone.ActiveCfg = Release|Any CPU
		{67F9D3A8-F71E-4428-913F-C37AE82CDB24}.Release|iPhone.Build.0 = Release|Any CPU
		{67F9D3A8-F71E-4428-913F-C37AE82CDB24}.Release|iPhoneSimulator.ActiveCfg = Release|Any CPU
		{67F9D3A8-F71E-4428-913F-C37AE82CDB24}.Release|iPhoneSimulator.Build.0 = Release|Any CPU
		{67F9D3A8-F71E-4428-913F-C37AE82CDB24}.Release|x64.ActiveCfg = Release|Any CPU
		{67F9D3A8-F71E-4428-913F-C37AE82CDB24}.Release|x64.Build.0 = Release|Any CPU
		{67F9D3A8-F71E-4428-913F-C37AE82CDB24}.Release|x86.ActiveCfg = Release|Any CPU
		{67F9D3A8-F71E-4428-913F-C37AE82CDB24}.Release|x86.Build.0 = Release|Any CPU
		{DB33F389-9968-456B-BDF8-D77B3470CFF0}.Debug|Any CPU.ActiveCfg = Debug|Any CPU
		{DB33F389-9968-456B-BDF8-D77B3470CFF0}.Debug|Any CPU.Build.0 = Debug|Any CPU
		{DB33F389-9968-456B-BDF8-D77B3470CFF0}.Debug|ARM.ActiveCfg = Debug|Any CPU
		{DB33F389-9968-456B-BDF8-D77B3470CFF0}.Debug|ARM.Build.0 = Debug|Any CPU
		{DB33F389-9968-456B-BDF8-D77B3470CFF0}.Debug|iPhone.ActiveCfg = Debug|Any CPU
		{DB33F389-9968-456B-BDF8-D77B3470CFF0}.Debug|iPhone.Build.0 = Debug|Any CPU
		{DB33F389-9968-456B-BDF8-D77B3470CFF0}.Debug|iPhoneSimulator.ActiveCfg = Debug|Any CPU
		{DB33F389-9968-456B-BDF8-D77B3470CFF0}.Debug|iPhoneSimulator.Build.0 = Debug|Any CPU
		{DB33F389-9968-456B-BDF8-D77B3470CFF0}.Debug|x64.ActiveCfg = Debug|Any CPU
		{DB33F389-9968-456B-BDF8-D77B3470CFF0}.Debug|x64.Build.0 = Debug|Any CPU
		{DB33F389-9968-456B-BDF8-D77B3470CFF0}.Debug|x86.ActiveCfg = Debug|Any CPU
		{DB33F389-9968-456B-BDF8-D77B3470CFF0}.Debug|x86.Build.0 = Debug|Any CPU
		{DB33F389-9968-456B-BDF8-D77B3470CFF0}.Release|Any CPU.ActiveCfg = Release|Any CPU
		{DB33F389-9968-456B-BDF8-D77B3470CFF0}.Release|Any CPU.Build.0 = Release|Any CPU
		{DB33F389-9968-456B-BDF8-D77B3470CFF0}.Release|ARM.ActiveCfg = Release|Any CPU
		{DB33F389-9968-456B-BDF8-D77B3470CFF0}.Release|ARM.Build.0 = Release|Any CPU
		{DB33F389-9968-456B-BDF8-D77B3470CFF0}.Release|iPhone.ActiveCfg = Release|Any CPU
		{DB33F389-9968-456B-BDF8-D77B3470CFF0}.Release|iPhone.Build.0 = Release|Any CPU
		{DB33F389-9968-456B-BDF8-D77B3470CFF0}.Release|iPhoneSimulator.ActiveCfg = Release|Any CPU
		{DB33F389-9968-456B-BDF8-D77B3470CFF0}.Release|iPhoneSimulator.Build.0 = Release|Any CPU
		{DB33F389-9968-456B-BDF8-D77B3470CFF0}.Release|x64.ActiveCfg = Release|Any CPU
		{DB33F389-9968-456B-BDF8-D77B3470CFF0}.Release|x64.Build.0 = Release|Any CPU
		{DB33F389-9968-456B-BDF8-D77B3470CFF0}.Release|x86.ActiveCfg = Release|Any CPU
		{DB33F389-9968-456B-BDF8-D77B3470CFF0}.Release|x86.Build.0 = Release|Any CPU
		{F2BD2438-350F-4DC5-8887-FB9F313E9490}.Debug|Any CPU.ActiveCfg = Debug|Any CPU
		{F2BD2438-350F-4DC5-8887-FB9F313E9490}.Debug|Any CPU.Build.0 = Debug|Any CPU
		{F2BD2438-350F-4DC5-8887-FB9F313E9490}.Debug|ARM.ActiveCfg = Debug|Any CPU
		{F2BD2438-350F-4DC5-8887-FB9F313E9490}.Debug|ARM.Build.0 = Debug|Any CPU
		{F2BD2438-350F-4DC5-8887-FB9F313E9490}.Debug|iPhone.ActiveCfg = Debug|Any CPU
		{F2BD2438-350F-4DC5-8887-FB9F313E9490}.Debug|iPhone.Build.0 = Debug|Any CPU
		{F2BD2438-350F-4DC5-8887-FB9F313E9490}.Debug|iPhoneSimulator.ActiveCfg = Debug|Any CPU
		{F2BD2438-350F-4DC5-8887-FB9F313E9490}.Debug|iPhoneSimulator.Build.0 = Debug|Any CPU
		{F2BD2438-350F-4DC5-8887-FB9F313E9490}.Debug|x64.ActiveCfg = Debug|Any CPU
		{F2BD2438-350F-4DC5-8887-FB9F313E9490}.Debug|x64.Build.0 = Debug|Any CPU
		{F2BD2438-350F-4DC5-8887-FB9F313E9490}.Debug|x86.ActiveCfg = Debug|Any CPU
		{F2BD2438-350F-4DC5-8887-FB9F313E9490}.Debug|x86.Build.0 = Debug|Any CPU
		{F2BD2438-350F-4DC5-8887-FB9F313E9490}.Release|Any CPU.ActiveCfg = Release|Any CPU
		{F2BD2438-350F-4DC5-8887-FB9F313E9490}.Release|Any CPU.Build.0 = Release|Any CPU
		{F2BD2438-350F-4DC5-8887-FB9F313E9490}.Release|ARM.ActiveCfg = Release|Any CPU
		{F2BD2438-350F-4DC5-8887-FB9F313E9490}.Release|ARM.Build.0 = Release|Any CPU
		{F2BD2438-350F-4DC5-8887-FB9F313E9490}.Release|iPhone.ActiveCfg = Release|Any CPU
		{F2BD2438-350F-4DC5-8887-FB9F313E9490}.Release|iPhone.Build.0 = Release|Any CPU
		{F2BD2438-350F-4DC5-8887-FB9F313E9490}.Release|iPhoneSimulator.ActiveCfg = Release|Any CPU
		{F2BD2438-350F-4DC5-8887-FB9F313E9490}.Release|iPhoneSimulator.Build.0 = Release|Any CPU
		{F2BD2438-350F-4DC5-8887-FB9F313E9490}.Release|x64.ActiveCfg = Release|Any CPU
		{F2BD2438-350F-4DC5-8887-FB9F313E9490}.Release|x64.Build.0 = Release|Any CPU
		{F2BD2438-350F-4DC5-8887-FB9F313E9490}.Release|x86.ActiveCfg = Release|Any CPU
		{F2BD2438-350F-4DC5-8887-FB9F313E9490}.Release|x86.Build.0 = Release|Any CPU
	EndGlobalSection
	GlobalSection(SolutionProperties) = preSolution
		HideSolutionNode = FALSE
	EndGlobalSection
	GlobalSection(NestedProjects) = preSolution
		{DB33F389-9968-456B-BDF8-D77B3470CFF0} = {0EEB42F9-B75E-49A2-A3BE-70CCF30D816B}
	EndGlobalSection
EndGlobal
