
Microsoft Visual Studio Solution File, Format Version 12.00
# Visual Studio 14
VisualStudioVersion = 14.0.24720.0
MinimumVisualStudioVersion = 10.0.40219.1
Project("{FAE04EC0-301F-11D3-BF4B-00C04F79EFBC}") = "EFTestsConsoleApp", "EFTestsConsoleApp\EFTestsConsoleApp.csproj", "{4A3248A7-A867-4E77-B827-C9A5BAB00350}"
EndProject
Project("{FAE04EC0-301F-11D3-BF4B-00C04F79EFBC}") = "Model", "Model\Model.csproj", "{9A00C0B3-2E5F-4097-A7D0-81AD45CC96D2}"
EndProject
Project("{FAE04EC0-301F-11D3-BF4B-00C04F79EFBC}") = "Context", "Context\Context.csproj", "{924A1953-6D0A-45C0-BD7C-98D4E77C09A7}"
EndProject
Project("{FAE04EC0-301F-11D3-BF4B-00C04F79EFBC}") = "EFTestsWinApp", "EFTestsWinApp\EFTestsWinApp.csproj", "{E9C18873-1B51-4575-81DE-F2651269B6D2}"
EndProject
Global
	GlobalSection(SolutionConfigurationPlatforms) = preSolution
		Debug|Any CPU = Debug|Any CPU
		Release|Any CPU = Release|Any CPU
	EndGlobalSection
	GlobalSection(ProjectConfigurationPlatforms) = postSolution
		{4A3248A7-A867-4E77-B827-C9A5BAB00350}.Debug|Any CPU.ActiveCfg = Debug|Any CPU
		{4A3248A7-A867-4E77-B827-C9A5BAB00350}.Debug|Any CPU.Build.0 = Debug|Any CPU
		{4A3248A7-A867-4E77-B827-C9A5BAB00350}.Release|Any CPU.ActiveCfg = Release|Any CPU
		{4A3248A7-A867-4E77-B827-C9A5BAB00350}.Release|Any CPU.Build.0 = Release|Any CPU
		{9A00C0B3-2E5F-4097-A7D0-81AD45CC96D2}.Debug|Any CPU.ActiveCfg = Debug|Any CPU
		{9A00C0B3-2E5F-4097-A7D0-81AD45CC96D2}.Debug|Any CPU.Build.0 = Debug|Any CPU
		{9A00C0B3-2E5F-4097-A7D0-81AD45CC96D2}.Release|Any CPU.ActiveCfg = Release|Any CPU
		{9A00C0B3-2E5F-4097-A7D0-81AD45CC96D2}.Release|Any CPU.Build.0 = Release|Any CPU
		{924A1953-6D0A-45C0-BD7C-98D4E77C09A7}.Debug|Any CPU.ActiveCfg = Debug|Any CPU
		{924A1953-6D0A-45C0-BD7C-98D4E77C09A7}.Debug|Any CPU.Build.0 = Debug|Any CPU
		{924A1953-6D0A-45C0-BD7C-98D4E77C09A7}.Release|Any CPU.ActiveCfg = Release|Any CPU
		{924A1953-6D0A-45C0-BD7C-98D4E77C09A7}.Release|Any CPU.Build.0 = Release|Any CPU
		{E9C18873-1B51-4575-81DE-F2651269B6D2}.Debug|Any CPU.ActiveCfg = Debug|Any CPU
		{E9C18873-1B51-4575-81DE-F2651269B6D2}.Debug|Any CPU.Build.0 = Debug|Any CPU
		{E9C18873-1B51-4575-81DE-F2651269B6D2}.Release|Any CPU.ActiveCfg = Release|Any CPU
		{E9C18873-1B51-4575-81DE-F2651269B6D2}.Release|Any CPU.Build.0 = Release|Any CPU
	EndGlobalSection
	GlobalSection(SolutionProperties) = preSolution
		HideSolutionNode = FALSE
	EndGlobalSection
EndGlobal
